{
  "lockfile_version": "1",
  "packages": {
    "github:NixOS/nixpkgs/nixpkgs-unstable": {
      "last_modified": "2025-07-24T23:24:55Z",
      "resolved": "github:NixOS/nixpkgs/0d00f23f023b7215b3f1035adb5247c8ec180dbc?lastModified=1753399495&narHash=sha256-7XG%2FQBqhrYOyA2houjRTL2NMa7IKZZ%2FsomBqr%2BQ%2F6Wo%3D"
    },
    "maestro@latest": {
      "last_modified": "2025-07-13T22:45:35Z",
      "resolved": "github:NixOS/nixpkgs/a421ac6595024edcfbb1ef950a3712b89161c359#maestro",
      "source": "devbox-search",
      "version": "1.41.0",
      "systems": {
        "aarch64-darwin": {
          "outputs": [
            {
              "name": "out",
              "path": "/nix/store/hj7an094grizwjxn63dxxwg2fq7f1305-maestro-1.41.0",
              "default": true
            }
          ],
          "store_path": "/nix/store/hj7an094grizwjxn63dxxwg2fq7f1305-maestro-1.41.0"
        },
        "aarch64-linux": {
          "outputs": [
            {
              "name": "out",
              "path": "/nix/store/6fc44w6k6751wwhyxmy4i2zjc75fw6z7-maestro-1.41.0",
              "default": true
            }
          ],
          "store_path": "/nix/store/6fc44w6k6751wwhyxmy4i2zjc75fw6z7-maestro-1.41.0"
        },
        "x86_64-darwin": {
          "outputs": [
            {
              "name": "out",
              "path": "/nix/store/1113iznjl14c7dsa3p1bwwak236dlh1w-maestro-1.41.0",
              "default": true
            }
          ],
          "store_path": "/nix/store/1113iznjl14c7dsa3p1bwwak236dlh1w-maestro-1.41.0"
        },
        "x86_64-linux": {
          "outputs": [
            {
              "name": "out",
              "path": "/nix/store/n91hgfybdcs2j7lxj1xkwd02jg6qiidj-maestro-1.41.0",
              "default": true
            }
          ],
          "store_path": "/nix/store/n91hgfybdcs2j7lxj1xkwd02jg6qiidj-maestro-1.41.0"
        }
      }
    }
  }
}
