{
  "lockfile_version": "1",
  "packages": {
    "firebase-tools@latest": {
      "last_modified": "2025-08-08T08:05:48Z",
      "resolved": "github:NixOS/nixpkgs/a3f3e3f2c983e957af6b07a1db98bafd1f87b7a1#firebase-tools",
      "source": "devbox-search",
      "version": "14.11.2",
      "systems": {
        "aarch64-darwin": {
          "outputs": [
            {
              "name": "out",
              "path": "/nix/store/zf8q36g73lakbil2ri5w999p8l6y2hi4-firebase-tools-14.11.2",
              "default": true
            }
          ],
          "store_path": "/nix/store/zf8q36g73lakbil2ri5w999p8l6y2hi4-firebase-tools-14.11.2"
        },
        "aarch64-linux": {
          "outputs": [
            {
              "name": "out",
              "path": "/nix/store/s1nvrwwynvpl4xaxyvydhxkwnsyjk4hh-firebase-tools-14.11.2",
              "default": true
            }
          ],
          "store_path": "/nix/store/s1nvrwwynvpl4xaxyvydhxkwnsyjk4hh-firebase-tools-14.11.2"
        },
        "x86_64-darwin": {
          "outputs": [
            {
              "name": "out",
              "path": "/nix/store/p0azzz6gdpgq8r6xxajmlagpgvz2kgxy-firebase-tools-14.11.2",
              "default": true
            }
          ],
          "store_path": "/nix/store/p0azzz6gdpgq8r6xxajmlagpgvz2kgxy-firebase-tools-14.11.2"
        },
        "x86_64-linux": {
          "outputs": [
            {
              "name": "out",
              "path": "/nix/store/s6sgsylhy32asrr2bpm7v3sv9pvdy40x-firebase-tools-14.11.2",
              "default": true
            }
          ],
          "store_path": "/nix/store/s6sgsylhy32asrr2bpm7v3sv9pvdy40x-firebase-tools-14.11.2"
        }
      }
    },
    "github:NixOS/nixpkgs/nixpkgs-unstable": {
      "last_modified": "2025-08-15T14:26:43Z",
      "resolved": "github:NixOS/nixpkgs/32f313e49e42f715491e1ea7b306a87c16fe0388?lastModified=1755268003&narHash=sha256-nNaeJjo861wFR0tjHDyCnHs1rbRtrMgxAKMoig9Sj%2Fw%3D"
    },
    "jdk17@latest": {
      "last_modified": "2025-07-28T17:09:23Z",
      "resolved": "github:NixOS/nixpkgs/648f70160c03151bc2121d179291337ad6bc564b#jdk17",
      "source": "devbox-search",
      "version": "17.0.15+6",
      "systems": {
        "aarch64-linux": {
          "outputs": [
            {
              "name": "out",
              "path": "/nix/store/srlx76fp5z1jhhq6xwn7hsgzl0bhm7d9-openjdk-17.0.15+6",
              "default": true
            },
            {
              "name": "debug",
              "path": "/nix/store/2bi4dr71psfph6qvqsyjn8s1pnbzvawl-openjdk-17.0.15+6-debug"
            }
          ],
          "store_path": "/nix/store/srlx76fp5z1jhhq6xwn7hsgzl0bhm7d9-openjdk-17.0.15+6"
        },
        "x86_64-linux": {
          "outputs": [
            {
              "name": "out",
              "path": "/nix/store/rxq387hv5qsbdx23jzffcm8fqrsjw2pp-openjdk-17.0.15+6",
              "default": true
            },
            {
              "name": "debug",
              "path": "/nix/store/l4wkbqxq2npxgk0g8mr12yjws049m3q4-openjdk-17.0.15+6-debug"
            }
          ],
          "store_path": "/nix/store/rxq387hv5qsbdx23jzffcm8fqrsjw2pp-openjdk-17.0.15+6"
        }
      }
    },
    "nodejs@latest": {
      "last_modified": "2025-08-10T04:38:50Z",
      "plugin_version": "0.0.2",
      "resolved": "github:NixOS/nixpkgs/641d909c4a7538f1539da9240dedb1755c907e40#nodejs_24",
      "source": "devbox-search",
      "version": "24.5.0",
      "systems": {
        "aarch64-darwin": {
          "outputs": [
            {
              "name": "out",
              "path": "/nix/store/b1j05q96hwagn787p2jlgqcjg2nf5x49-nodejs-24.5.0",
              "default": true
            },
            {
              "name": "dev",
              "path": "/nix/store/j6ayg4xpqy9xdxgrhpqylzq8v7v07c6r-nodejs-24.5.0-dev"
            },
            {
              "name": "libv8",
              "path": "/nix/store/3ys6v5s5gvd9snwnl4saynl6av7mz3vy-nodejs-24.5.0-libv8"
            }
          ],
          "store_path": "/nix/store/b1j05q96hwagn787p2jlgqcjg2nf5x49-nodejs-24.5.0"
        },
        "aarch64-linux": {
          "outputs": [
            {
              "name": "out",
              "path": "/nix/store/1kn0vh4gf3a22arldrw694apq3fhgp15-nodejs-24.5.0",
              "default": true
            },
            {
              "name": "dev",
              "path": "/nix/store/i3lqaj3j6znhnzh8ayka6q85r81ppxnw-nodejs-24.5.0-dev"
            },
            {
              "name": "libv8",
              "path": "/nix/store/jjw6xgmg6qynp336g9igqnzlfbhzxr2i-nodejs-24.5.0-libv8"
            }
          ],
          "store_path": "/nix/store/1kn0vh4gf3a22arldrw694apq3fhgp15-nodejs-24.5.0"
        },
        "x86_64-darwin": {
          "outputs": [
            {
              "name": "out",
              "path": "/nix/store/sbcg21wp4bdzyh2542v77sp535kvfbfq-nodejs-24.5.0",
              "default": true
            },
            {
              "name": "libv8",
              "path": "/nix/store/75b7iix0pbmxmfnmv90l3q0ll1gc75az-nodejs-24.5.0-libv8"
            },
            {
              "name": "dev",
              "path": "/nix/store/fg7pi9s6m0spci1pfqbny0kxmk832i3r-nodejs-24.5.0-dev"
            }
          ],
          "store_path": "/nix/store/sbcg21wp4bdzyh2542v77sp535kvfbfq-nodejs-24.5.0"
        },
        "x86_64-linux": {
          "outputs": [
            {
              "name": "out",
              "path": "/nix/store/357id3rjy9417k4dkvxxmpgd9bxrwc7l-nodejs-24.5.0",
              "default": true
            },
            {
              "name": "dev",
              "path": "/nix/store/0drh8jjq84sji6889l2k3ysmvy7sc9sg-nodejs-24.5.0-dev"
            },
            {
              "name": "libv8",
              "path": "/nix/store/kdlv4q7sgap0z43cylklhxz1g1q7751b-nodejs-24.5.0-libv8"
            }
          ],
          "store_path": "/nix/store/357id3rjy9417k4dkvxxmpgd9bxrwc7l-nodejs-24.5.0"
        }
      }
    }
  }
}
