{
  "lockfile_version": "1",
  "packages": {
    "chromedriver@139.0.7258.66": {
      "last_modified": "2025-08-08T08:05:48Z",
      "resolved": "github:NixOS/nixpkgs/a3f3e3f2c983e957af6b07a1db98bafd1f87b7a1#chromedriver",
      "source": "devbox-search",
      "version": "139.0.7258.66",
      "systems": {
        "aarch64-linux": {
          "outputs": [
            {
              "name": "out",
              "path": "/nix/store/rkay4qi07cr9gfdbs546d7mr60lq6sqd-chromedriver-unwrapped-139.0.7258.66",
              "default": true
            }
          ],
          "store_path": "/nix/store/rkay4qi07cr9gfdbs546d7mr60lq6sqd-chromedriver-unwrapped-139.0.7258.66"
        },
        "x86_64-linux": {
          "outputs": [
            {
              "name": "out",
              "path": "/nix/store/irw8hl3lnvfw2dwj6sqs5ahfw2qcg1dc-chromedriver-unwrapped-139.0.7258.66",
              "default": true
            }
          ],
          "store_path": "/nix/store/irw8hl3lnvfw2dwj6sqs5ahfw2qcg1dc-chromedriver-unwrapped-139.0.7258.66"
        }
      }
    },
    "chromium@139.0.7258.66": {
      "last_modified": "2025-08-08T08:05:48Z",
      "resolved": "github:NixOS/nixpkgs/a3f3e3f2c983e957af6b07a1db98bafd1f87b7a1#chromium",
      "source": "devbox-search",
      "version": "139.0.7258.66",
      "systems": {
        "aarch64-linux": {
          "outputs": [
            {
              "name": "out",
              "path": "/nix/store/b1snbj5535qm022cmhszymgjx1d5ypgb-chromium-139.0.7258.66",
              "default": true
            },
            {
              "name": "sandbox",
              "path": "/nix/store/p3j8b7qdinfy8i7fq2836ci4qcb2f69w-chromium-139.0.7258.66-sandbox"
            }
          ],
          "store_path": "/nix/store/b1snbj5535qm022cmhszymgjx1d5ypgb-chromium-139.0.7258.66"
        },
        "x86_64-linux": {
          "outputs": [
            {
              "name": "out",
              "path": "/nix/store/p737fiz2cv6q2173c3kxvzrl05g21s7l-chromium-139.0.7258.66",
              "default": true
            },
            {
              "name": "sandbox",
              "path": "/nix/store/qlsx39w2i3p6a5afw1j6b1k6pfbyrc3q-chromium-139.0.7258.66-sandbox"
            }
          ],
          "store_path": "/nix/store/p737fiz2cv6q2173c3kxvzrl05g21s7l-chromium-139.0.7258.66"
        }
      }
    },
    "github:NixOS/nixpkgs/nixpkgs-unstable": {
      "last_modified": "2025-10-20T04:25:18Z",
      "resolved": "github:NixOS/nixpkgs/87848bf0cc4f87717fc813a4575f07330c3e743c?lastModified=1760934318&narHash=sha256-%2FoUYsC0lUCBory65VK%2BUHqCCsCspbL1Vgfcf1KUYqVw%3D"
    },
    "jdk17@latest": {
      "last_modified": "2025-10-07T08:41:47Z",
      "resolved": "github:NixOS/nixpkgs/bce5fe2bb998488d8e7e7856315f90496723793c#jdk17",
      "source": "devbox-search",
      "version": "17.0.16+8",
      "systems": {
        "aarch64-linux": {
          "outputs": [
            {
              "name": "out",
              "path": "/nix/store/d74hi7qs48nzvvcf868c3ph61wqmyqzn-openjdk-17.0.16+8",
              "default": true
            },
            {
              "name": "debug",
              "path": "/nix/store/53j83lv2gpqwnh1jby4wvzn75aq4ic5h-openjdk-17.0.16+8-debug"
            }
          ],
          "store_path": "/nix/store/d74hi7qs48nzvvcf868c3ph61wqmyqzn-openjdk-17.0.16+8"
        },
        "x86_64-linux": {
          "outputs": [
            {
              "name": "out",
              "path": "/nix/store/4m47rbnk2wz80yvwzkj5a43j32jiv8l6-openjdk-17.0.16+8",
              "default": true
            },
            {
              "name": "debug",
              "path": "/nix/store/spkgmp9a3rrr6v35wn2z9zijg9qqsxvc-openjdk-17.0.16+8-debug"
            }
          ],
          "store_path": "/nix/store/4m47rbnk2wz80yvwzkj5a43j32jiv8l6-openjdk-17.0.16+8"
        }
      }
    },
    "maestro@latest": {
      "last_modified": "2025-10-07T08:41:47Z",
      "resolved": "github:NixOS/nixpkgs/bce5fe2bb998488d8e7e7856315f90496723793c#maestro",
      "source": "devbox-search",
      "version": "2.0.3",
      "systems": {
        "aarch64-darwin": {
          "outputs": [
            {
              "name": "out",
              "path": "/nix/store/in93ywg31bnns5n3j9x60jdl4akg6z7p-maestro-2.0.3",
              "default": true
            }
          ],
          "store_path": "/nix/store/in93ywg31bnns5n3j9x60jdl4akg6z7p-maestro-2.0.3"
        },
        "aarch64-linux": {
          "outputs": [
            {
              "name": "out",
              "path": "/nix/store/z4s3dddwx8lb7fjsvq3psqsii3mjcrga-maestro-2.0.3",
              "default": true
            }
          ],
          "store_path": "/nix/store/z4s3dddwx8lb7fjsvq3psqsii3mjcrga-maestro-2.0.3"
        },
        "x86_64-darwin": {
          "outputs": [
            {
              "name": "out",
              "path": "/nix/store/xznz93y7ps0i1qhxryks7c3nhf7jgz3g-maestro-2.0.3",
              "default": true
            }
          ],
          "store_path": "/nix/store/xznz93y7ps0i1qhxryks7c3nhf7jgz3g-maestro-2.0.3"
        },
        "x86_64-linux": {
          "outputs": [
            {
              "name": "out",
              "path": "/nix/store/68fgijwy2rhqfngi68amn0lf9jcvvdya-maestro-2.0.3",
              "default": true
            }
          ],
          "store_path": "/nix/store/68fgijwy2rhqfngi68amn0lf9jcvvdya-maestro-2.0.3"
        }
      }
    },
    "nodejs@latest": {
      "last_modified": "2025-10-13T09:56:54Z",
      "plugin_version": "0.0.2",
      "resolved": "github:NixOS/nixpkgs/c12c63cd6c5eb34c7b4c3076c6a99e00fcab86ec#nodejs_24",
      "source": "devbox-search",
      "version": "24.10.0",
      "systems": {
        "aarch64-darwin": {
          "outputs": [
            {
              "name": "out",
              "path": "/nix/store/355hbbr8bfhyij7vkqczbjmgqa9dbrsh-nodejs-24.10.0",
              "default": true
            },
            {
              "name": "dev",
              "path": "/nix/store/pfnl3nqxa7agrd4rw52z52pspss7nvbi-nodejs-24.10.0-dev"
            },
            {
              "name": "libv8",
              "path": "/nix/store/ch0ss8jqxs4dda64786ap78s3vrfi3kz-nodejs-24.10.0-libv8"
            }
          ],
          "store_path": "/nix/store/355hbbr8bfhyij7vkqczbjmgqa9dbrsh-nodejs-24.10.0"
        },
        "aarch64-linux": {
          "outputs": [
            {
              "name": "out",
              "path": "/nix/store/ybfap4y7drm5nbx358cj238ba87gp8bk-nodejs-24.10.0",
              "default": true
            },
            {
              "name": "dev",
              "path": "/nix/store/zdwjsr9hcb8ydkgwvljnm1rcbfg3336k-nodejs-24.10.0-dev"
            },
            {
              "name": "libv8",
              "path": "/nix/store/lmcnw7gwb71bfy15qb87b1cphsxvj5jp-nodejs-24.10.0-libv8"
            }
          ],
          "store_path": "/nix/store/ybfap4y7drm5nbx358cj238ba87gp8bk-nodejs-24.10.0"
        },
        "x86_64-darwin": {
          "outputs": [
            {
              "name": "out",
              "path": "/nix/store/bgh57m6c4k348hd4wyb367xwkljq42ky-nodejs-24.10.0",
              "default": true
            },
            {
              "name": "dev",
              "path": "/nix/store/747r79izxv4jm0h1zn2qdyc7hbz06ckz-nodejs-24.10.0-dev"
            },
            {
              "name": "libv8",
              "path": "/nix/store/2zb0z0qhzb29jlksjpc2vz0sk9icln1p-nodejs-24.10.0-libv8"
            }
          ],
          "store_path": "/nix/store/bgh57m6c4k348hd4wyb367xwkljq42ky-nodejs-24.10.0"
        },
        "x86_64-linux": {
          "outputs": [
            {
              "name": "out",
              "path": "/nix/store/p2sk3402d788hqn5diy5gba8cskjffzz-nodejs-24.10.0",
              "default": true
            },
            {
              "name": "dev",
              "path": "/nix/store/fn613shrdw5k5d5is7h8rs3dmi9xrh37-nodejs-24.10.0-dev"
            },
            {
              "name": "libv8",
              "path": "/nix/store/y9km82y1yqw1r7ld0xcifpj9zfzfy0q3-nodejs-24.10.0-libv8"
            }
          ],
          "store_path": "/nix/store/p2sk3402d788hqn5diy5gba8cskjffzz-nodejs-24.10.0"
        }
      }
    },
    "supabase-cli@latest": {
      "last_modified": "2025-10-10T13:35:32Z",
      "resolved": "github:NixOS/nixpkgs/870493f9a8cb0b074ae5b411b2f232015db19a65#supabase-cli",
      "source": "devbox-search",
      "version": "2.50.3",
      "systems": {
        "aarch64-darwin": {
          "outputs": [
            {
              "name": "out",
              "path": "/nix/store/fsppjjrrlx95nsw00zjl06b0cb7wgzv4-supabase-cli-2.50.3",
              "default": true
            }
          ],
          "store_path": "/nix/store/fsppjjrrlx95nsw00zjl06b0cb7wgzv4-supabase-cli-2.50.3"
        },
        "aarch64-linux": {
          "outputs": [
            {
              "name": "out",
              "path": "/nix/store/lm853jh0kp2w1ccgiqpdk5bgzdq7c1sd-supabase-cli-2.50.3",
              "default": true
            }
          ],
          "store_path": "/nix/store/lm853jh0kp2w1ccgiqpdk5bgzdq7c1sd-supabase-cli-2.50.3"
        },
        "x86_64-darwin": {
          "outputs": [
            {
              "name": "out",
              "path": "/nix/store/x3ggbbhzqicmxagra24kv6lapq36wizz-supabase-cli-2.50.3",
              "default": true
            }
          ],
          "store_path": "/nix/store/x3ggbbhzqicmxagra24kv6lapq36wizz-supabase-cli-2.50.3"
        },
        "x86_64-linux": {
          "outputs": [
            {
              "name": "out",
              "path": "/nix/store/5rl2apfy7cr1ci9j7l76khy7swf48bk7-supabase-cli-2.50.3",
              "default": true
            }
          ],
          "store_path": "/nix/store/5rl2apfy7cr1ci9j7l76khy7swf48bk7-supabase-cli-2.50.3"
        }
      }
    }
  }
}
