{
  "lockfile_version": "1",
  "packages": {
    "chromedriver@latest": {
      "last_modified": "2025-08-08T08:05:48Z",
      "resolved": "github:NixOS/nixpkgs/a3f3e3f2c983e957af6b07a1db98bafd1f87b7a1#chromedriver",
      "source": "devbox-search",
      "version": "139.0.7258.67",
      "systems": {
        "aarch64-darwin": {
          "outputs": [
            {
              "name": "out",
              "path": "/nix/store/nhrkssnykfv895jln6lr0mmg2ssppydv-chromedriver-139.0.7258.67",
              "default": true
            }
          ],
          "store_path": "/nix/store/nhrkssnykfv895jln6lr0mmg2ssppydv-chromedriver-139.0.7258.67"
        },
        "x86_64-darwin": {
          "outputs": [
            {
              "name": "out",
              "path": "/nix/store/x3hcqj7zfz3mbi23xa27g51fmxw5j1gz-chromedriver-139.0.7258.67",
              "default": true
            }
          ],
          "store_path": "/nix/store/x3hcqj7zfz3mbi23xa27g51fmxw5j1gz-chromedriver-139.0.7258.67"
        },
        "x86_64-linux": {
          "outputs": [
            {
              "path": "/nix/store/irw8hl3lnvfw2dwj6sqs5ahfw2qcg1dc-chromedriver-unwrapped-139.0.7258.66",
              "default": true
            }
          ]
        }
      }
    },
    "chromium@latest": {
      "last_modified": "2025-08-08T08:05:48Z",
      "resolved": "github:NixOS/nixpkgs/a3f3e3f2c983e957af6b07a1db98bafd1f87b7a1#chromium",
      "source": "devbox-search",
      "version": "139.0.7258.66",
      "systems": {
        "aarch64-linux": {
          "outputs": [
            {
              "name": "out",
              "path": "/nix/store/b1snbj5535qm022cmhszymgjx1d5ypgb-chromium-139.0.7258.66",
              "default": true
            },
            {
              "name": "sandbox",
              "path": "/nix/store/p3j8b7qdinfy8i7fq2836ci4qcb2f69w-chromium-139.0.7258.66-sandbox"
            }
          ],
          "store_path": "/nix/store/b1snbj5535qm022cmhszymgjx1d5ypgb-chromium-139.0.7258.66"
        },
        "x86_64-linux": {
          "outputs": [
            {
              "name": "out",
              "path": "/nix/store/p737fiz2cv6q2173c3kxvzrl05g21s7l-chromium-139.0.7258.66",
              "default": true
            },
            {
              "name": "sandbox",
              "path": "/nix/store/qlsx39w2i3p6a5afw1j6b1k6pfbyrc3q-chromium-139.0.7258.66-sandbox"
            }
          ],
          "store_path": "/nix/store/p737fiz2cv6q2173c3kxvzrl05g21s7l-chromium-139.0.7258.66"
        }
      }
    },
    "firebase-tools@latest": {
      "last_modified": "2025-08-08T08:05:48Z",
      "resolved": "github:NixOS/nixpkgs/a3f3e3f2c983e957af6b07a1db98bafd1f87b7a1#firebase-tools",
      "source": "devbox-search",
      "version": "14.11.2",
      "systems": {
        "aarch64-darwin": {
          "outputs": [
            {
              "name": "out",
              "path": "/nix/store/zf8q36g73lakbil2ri5w999p8l6y2hi4-firebase-tools-14.11.2",
              "default": true
            }
          ],
          "store_path": "/nix/store/zf8q36g73lakbil2ri5w999p8l6y2hi4-firebase-tools-14.11.2"
        },
        "aarch64-linux": {
          "outputs": [
            {
              "name": "out",
              "path": "/nix/store/s1nvrwwynvpl4xaxyvydhxkwnsyjk4hh-firebase-tools-14.11.2",
              "default": true
            }
          ],
          "store_path": "/nix/store/s1nvrwwynvpl4xaxyvydhxkwnsyjk4hh-firebase-tools-14.11.2"
        },
        "x86_64-darwin": {
          "outputs": [
            {
              "name": "out",
              "path": "/nix/store/p0azzz6gdpgq8r6xxajmlagpgvz2kgxy-firebase-tools-14.11.2",
              "default": true
            }
          ],
          "store_path": "/nix/store/p0azzz6gdpgq8r6xxajmlagpgvz2kgxy-firebase-tools-14.11.2"
        },
        "x86_64-linux": {
          "outputs": [
            {
              "name": "out",
              "path": "/nix/store/s6sgsylhy32asrr2bpm7v3sv9pvdy40x-firebase-tools-14.11.2",
              "default": true
            }
          ],
          "store_path": "/nix/store/s6sgsylhy32asrr2bpm7v3sv9pvdy40x-firebase-tools-14.11.2"
        }
      }
    },
    "github:NixOS/nixpkgs/nixpkgs-unstable": {
      "last_modified": "2025-09-05T01:14:44Z",
      "resolved": "github:NixOS/nixpkgs/ca77296380960cd497a765102eeb1356eb80fed0?lastModified=1757034884&narHash=sha256-PgLSZDBEWUHpfTRfFyklmiiLBE1i1aGCtz4eRA3POao%3D"
    },
    "jdk17@latest": {
      "last_modified": "2025-07-28T17:09:23Z",
      "resolved": "github:NixOS/nixpkgs/648f70160c03151bc2121d179291337ad6bc564b#jdk17",
      "source": "devbox-search",
      "version": "17.0.15+6",
      "systems": {
        "aarch64-linux": {
          "outputs": [
            {
              "name": "out",
              "path": "/nix/store/srlx76fp5z1jhhq6xwn7hsgzl0bhm7d9-openjdk-17.0.15+6",
              "default": true
            },
            {
              "name": "debug",
              "path": "/nix/store/2bi4dr71psfph6qvqsyjn8s1pnbzvawl-openjdk-17.0.15+6-debug"
            }
          ],
          "store_path": "/nix/store/srlx76fp5z1jhhq6xwn7hsgzl0bhm7d9-openjdk-17.0.15+6"
        },
        "x86_64-linux": {
          "outputs": [
            {
              "name": "out",
              "path": "/nix/store/rxq387hv5qsbdx23jzffcm8fqrsjw2pp-openjdk-17.0.15+6",
              "default": true
            },
            {
              "name": "debug",
              "path": "/nix/store/l4wkbqxq2npxgk0g8mr12yjws049m3q4-openjdk-17.0.15+6-debug"
            }
          ],
          "store_path": "/nix/store/rxq387hv5qsbdx23jzffcm8fqrsjw2pp-openjdk-17.0.15+6"
        }
      }
    },
    "maestro@latest": {
      "last_modified": "2025-07-28T17:09:23Z",
      "resolved": "github:NixOS/nixpkgs/648f70160c03151bc2121d179291337ad6bc564b#maestro",
      "source": "devbox-search",
      "version": "1.41.0",
      "systems": {
        "aarch64-darwin": {
          "outputs": [
            {
              "name": "out",
              "path": "/nix/store/wdh5dqj7han3fy2r62jq08ndnbdj228v-maestro-1.41.0",
              "default": true
            }
          ],
          "store_path": "/nix/store/wdh5dqj7han3fy2r62jq08ndnbdj228v-maestro-1.41.0"
        },
        "aarch64-linux": {
          "outputs": [
            {
              "name": "out",
              "path": "/nix/store/mr6mv9qrq5qys5jchk688jgmv5bgd3hh-maestro-1.41.0",
              "default": true
            }
          ],
          "store_path": "/nix/store/mr6mv9qrq5qys5jchk688jgmv5bgd3hh-maestro-1.41.0"
        },
        "x86_64-darwin": {
          "outputs": [
            {
              "name": "out",
              "path": "/nix/store/jjrldvglil3grcfqjv39z7m5k1yrz005-maestro-1.41.0",
              "default": true
            }
          ],
          "store_path": "/nix/store/jjrldvglil3grcfqjv39z7m5k1yrz005-maestro-1.41.0"
        },
        "x86_64-linux": {
          "outputs": [
            {
              "name": "out",
              "path": "/nix/store/igbz81mscx90cd75ffdgjxp3lgpybi8j-maestro-1.41.0",
              "default": true
            }
          ],
          "store_path": "/nix/store/igbz81mscx90cd75ffdgjxp3lgpybi8j-maestro-1.41.0"
        }
      }
    },
    "nodejs@latest": {
      "last_modified": "2025-08-10T04:38:50Z",
      "plugin_version": "0.0.2",
      "resolved": "github:NixOS/nixpkgs/641d909c4a7538f1539da9240dedb1755c907e40#nodejs_24",
      "source": "devbox-search",
      "version": "24.5.0",
      "systems": {
        "aarch64-darwin": {
          "outputs": [
            {
              "name": "out",
              "path": "/nix/store/b1j05q96hwagn787p2jlgqcjg2nf5x49-nodejs-24.5.0",
              "default": true
            },
            {
              "name": "dev",
              "path": "/nix/store/j6ayg4xpqy9xdxgrhpqylzq8v7v07c6r-nodejs-24.5.0-dev"
            },
            {
              "name": "libv8",
              "path": "/nix/store/3ys6v5s5gvd9snwnl4saynl6av7mz3vy-nodejs-24.5.0-libv8"
            }
          ],
          "store_path": "/nix/store/b1j05q96hwagn787p2jlgqcjg2nf5x49-nodejs-24.5.0"
        },
        "aarch64-linux": {
          "outputs": [
            {
              "name": "out",
              "path": "/nix/store/1kn0vh4gf3a22arldrw694apq3fhgp15-nodejs-24.5.0",
              "default": true
            },
            {
              "name": "dev",
              "path": "/nix/store/i3lqaj3j6znhnzh8ayka6q85r81ppxnw-nodejs-24.5.0-dev"
            },
            {
              "name": "libv8",
              "path": "/nix/store/jjw6xgmg6qynp336g9igqnzlfbhzxr2i-nodejs-24.5.0-libv8"
            }
          ],
          "store_path": "/nix/store/1kn0vh4gf3a22arldrw694apq3fhgp15-nodejs-24.5.0"
        },
        "x86_64-darwin": {
          "outputs": [
            {
              "name": "out",
              "path": "/nix/store/sbcg21wp4bdzyh2542v77sp535kvfbfq-nodejs-24.5.0",
              "default": true
            },
            {
              "name": "libv8",
              "path": "/nix/store/75b7iix0pbmxmfnmv90l3q0ll1gc75az-nodejs-24.5.0-libv8"
            },
            {
              "name": "dev",
              "path": "/nix/store/fg7pi9s6m0spci1pfqbny0kxmk832i3r-nodejs-24.5.0-dev"
            }
          ],
          "store_path": "/nix/store/sbcg21wp4bdzyh2542v77sp535kvfbfq-nodejs-24.5.0"
        },
        "x86_64-linux": {
          "outputs": [
            {
              "name": "out",
              "path": "/nix/store/357id3rjy9417k4dkvxxmpgd9bxrwc7l-nodejs-24.5.0",
              "default": true
            },
            {
              "name": "dev",
              "path": "/nix/store/0drh8jjq84sji6889l2k3ysmvy7sc9sg-nodejs-24.5.0-dev"
            },
            {
              "name": "libv8",
              "path": "/nix/store/kdlv4q7sgap0z43cylklhxz1g1q7751b-nodejs-24.5.0-libv8"
            }
          ],
          "store_path": "/nix/store/357id3rjy9417k4dkvxxmpgd9bxrwc7l-nodejs-24.5.0"
        }
      }
    },
    "supabase-cli@latest": {
      "last_modified": "2025-07-28T17:09:23Z",
      "resolved": "github:NixOS/nixpkgs/648f70160c03151bc2121d179291337ad6bc564b#supabase-cli",
      "source": "devbox-search",
      "version": "2.23.7",
      "systems": {
        "aarch64-darwin": {
          "outputs": [
            {
              "name": "out",
              "path": "/nix/store/5hc0dbbvv6mbbrymm3ilv85g4v7dywxp-supabase-cli-2.23.7",
              "default": true
            }
          ],
          "store_path": "/nix/store/5hc0dbbvv6mbbrymm3ilv85g4v7dywxp-supabase-cli-2.23.7"
        },
        "aarch64-linux": {
          "outputs": [
            {
              "name": "out",
              "path": "/nix/store/3q5bmw911k0afd76fq166g0yjwwycd88-supabase-cli-2.23.7",
              "default": true
            }
          ],
          "store_path": "/nix/store/3q5bmw911k0afd76fq166g0yjwwycd88-supabase-cli-2.23.7"
        },
        "x86_64-darwin": {
          "outputs": [
            {
              "name": "out",
              "path": "/nix/store/nymfcbmvx35y1qd0kj35h5fpxm23q3jn-supabase-cli-2.23.7",
              "default": true
            }
          ],
          "store_path": "/nix/store/nymfcbmvx35y1qd0kj35h5fpxm23q3jn-supabase-cli-2.23.7"
        },
        "x86_64-linux": {
          "outputs": [
            {
              "name": "out",
              "path": "/nix/store/72v4hjsxmq9nfs87vrik3vivqwh5nlv8-supabase-cli-2.23.7",
              "default": true
            }
          ],
          "store_path": "/nix/store/72v4hjsxmq9nfs87vrik3vivqwh5nlv8-supabase-cli-2.23.7"
        }
      }
    }
  }
}
